
Microsoft Visual Studio Solution File, Format Version 12.00
# Visual Studio 15
VisualStudioVersion = 15.0.28010.2046
MinimumVisualStudioVersion = 10.0.40219.1
Project("{FAE04EC0-301F-11D3-BF4B-00C04F79EFBC}") = "Ask The Tree", "Ask The Tree\Ask The Tree.csproj", "{F6F0289F-93B7-4873-BBBC-F96D2D66076B}"
EndProject
Project("{54435603-DBB4-11D2-8724-00A0C9A8B90C}") = "Version 1.0.0", "Version 1.0.0\Version 1.0.0.vdproj", "{912B4AFB-CF6C-4DF7-90D0-46E0205B3EFC}"
EndProject
Global
	GlobalSection(SolutionConfigurationPlatforms) = preSolution
		Debug|Any CPU = Debug|Any CPU
		Release|Any CPU = Release|Any CPU
	EndGlobalSection
	GlobalSection(ProjectConfigurationPlatforms) = postSolution
		{F6F0289F-93B7-4873-BBBC-F96D2D66076B}.Debug|Any CPU.ActiveCfg = Debug|Any CPU
		{F6F0289F-93B7-4873-BBBC-F96D2D66076B}.Debug|Any CPU.Build.0 = Debug|Any CPU
		{F6F0289F-93B7-4873-BBBC-F96D2D66076B}.Release|Any CPU.ActiveCfg = Release|Any CPU
		{F6F0289F-93B7-4873-BBBC-F96D2D66076B}.Release|Any CPU.Build.0 = Release|Any CPU
		{912B4AFB-CF6C-4DF7-90D0-46E0205B3EFC}.Debug|Any CPU.ActiveCfg = Debug
		{912B4AFB-CF6C-4DF7-90D0-46E0205B3EFC}.Release|Any CPU.ActiveCfg = Release
	EndGlobalSection
	GlobalSection(SolutionProperties) = preSolution
		HideSolutionNode = FALSE
	EndGlobalSection
	GlobalSection(ExtensibilityGlobals) = postSolution
		SolutionGuid = {ACAE4B48-6D3F-46C8-8297-5C903AAF17EC}
	EndGlobalSection
EndGlobal
